
Microsoft Visual Studio Solution File, Format Version 12.00
# Visual Studio 15
VisualStudioVersion = 15.0.26730.15
MinimumVisualStudioVersion = 10.0.40219.1
Project("{F184B08F-C81C-45F6-A57F-5ABD9991F28F}") = "Project1", "Project1\Project1.vbproj", "{C423B5C6-803F-4B9E-9FC8-BFCCF95A61F2}"
EndProject
Global
	GlobalSection(SolutionConfigurationPlatforms) = preSolution
		Debug|Any CPU = Debug|Any CPU
		Release|Any CPU = Release|Any CPU
	EndGlobalSection
	GlobalSection(ProjectConfigurationPlatforms) = postSolution
		{C423B5C6-803F-4B9E-9FC8-BFCCF95A61F2}.Debug|Any CPU.ActiveCfg = Debug|Any CPU
		{C423B5C6-803F-4B9E-9FC8-BFCCF95A61F2}.Debug|Any CPU.Build.0 = Debug|Any CPU
		{C423B5C6-803F-4B9E-9FC8-BFCCF95A61F2}.Release|Any CPU.ActiveCfg = Release|Any CPU
		{C423B5C6-803F-4B9E-9FC8-BFCCF95A61F2}.Release|Any CPU.Build.0 = Release|Any CPU
	EndGlobalSection
	GlobalSection(SolutionProperties) = preSolution
		HideSolutionNode = FALSE
	EndGlobalSection
	GlobalSection(ExtensibilityGlobals) = postSolution
		SolutionGuid = {54BDFF56-5416-4FF2-AFB2-C78406A5AB56}
	EndGlobalSection
EndGlobal
